// !$*UTF8*$!
{
	archiveVersion = 1;
	classes = {
	};
	objectVersion = 55;
	objects = {

/* Begin PBXBuildFile section */
		1A361EEB27F0A5F8000624BF /* CircleImage.swift in Sources */ = {isa = PBXBuildFile; fileRef = 1A361EEA27F0A5F8000624BF /* CircleImage.swift */; };
		1A361EED27F0A991000624BF /* Landmark.swift in Sources */ = {isa = PBXBuildFile; fileRef = 1A361EEC27F0A991000624BF /* Landmark.swift */; };
		1A361EEF27F0AA14000624BF /* ModelData.swift in Sources */ = {isa = PBXBuildFile; fileRef = 1A361EEE27F0AA14000624BF /* ModelData.swift */; };
		1A361EF427F0AB7A000624BF /* landmarkData.json in Resources */ = {isa = PBXBuildFile; fileRef = 1A361EF327F0AB7A000624BF /* landmarkData.json */; };
		1A361EF627F0ABF5000624BF /* LandmarkRow.swift in Sources */ = {isa = PBXBuildFile; fileRef = 1A361EF527F0ABF5000624BF /* LandmarkRow.swift */; };
		1A361EF827F0AD39000624BF /* LandmarkList.swift in Sources */ = {isa = PBXBuildFile; fileRef = 1A361EF727F0AD39000624BF /* LandmarkList.swift */; };
		1ABD712427D360E700B88D55 /* ios_practiceApp.swift in Sources */ = {isa = PBXBuildFile; fileRef = 1ABD712327D360E700B88D55 /* ios_practiceApp.swift */; };
		1ABD712627D360E700B88D55 /* ContentView.swift in Sources */ = {isa = PBXBuildFile; fileRef = 1ABD712527D360E700B88D55 /* ContentView.swift */; };
		1ABD712827D360E700B88D55 /* Assets.xcassets in Resources */ = {isa = PBXBuildFile; fileRef = 1ABD712727D360E700B88D55 /* Assets.xcassets */; };
		1ABD712B27D360E700B88D55 /* Preview Assets.xcassets in Resources */ = {isa = PBXBuildFile; fileRef = 1ABD712A27D360E700B88D55 /* Preview Assets.xcassets */; };
		1ABD712D27D360E700B88D55 /* Persistence.swift in Sources */ = {isa = PBXBuildFile; fileRef = 1ABD712C27D360E700B88D55 /* Persistence.swift */; };
		1ABD713027D360E700B88D55 /* ios_practice.xcdatamodeld in Sources */ = {isa = PBXBuildFile; fileRef = 1ABD712E27D360E700B88D55 /* ios_practice.xcdatamodeld */; };
		1ABD713A27D360E700B88D55 /* ios_practiceTests.swift in Sources */ = {isa = PBXBuildFile; fileRef = 1ABD713927D360E700B88D55 /* ios_practiceTests.swift */; };
		1ABD714427D360E700B88D55 /* ios_practiceUITests.swift in Sources */ = {isa = PBXBuildFile; fileRef = 1ABD714327D360E700B88D55 /* ios_practiceUITests.swift */; };
		1ABD714627D360E700B88D55 /* ios_practiceUITestsLaunchTests.swift in Sources */ = {isa = PBXBuildFile; fileRef = 1ABD714527D360E700B88D55 /* ios_practiceUITestsLaunchTests.swift */; };
		1ABD715327D36CF500B88D55 /* MapView.swift in Sources */ = {isa = PBXBuildFile; fileRef = 1ABD715227D36CF500B88D55 /* MapView.swift */; };
/* End PBXBuildFile section */

/* Begin PBXContainerItemProxy section */
		1ABD713627D360E700B88D55 /* PBXContainerItemProxy */ = {
			isa = PBXContainerItemProxy;
			containerPortal = 1ABD711827D360E700B88D55 /* Project object */;
			proxyType = 1;
			remoteGlobalIDString = 1ABD711F27D360E700B88D55;
			remoteInfo = "ios-practice";
		};
		1ABD714027D360E700B88D55 /* PBXContainerItemProxy */ = {
			isa = PBXContainerItemProxy;
			containerPortal = 1ABD711827D360E700B88D55 /* Project object */;
			proxyType = 1;
			remoteGlobalIDString = 1ABD711F27D360E700B88D55;
			remoteInfo = "ios-practice";
		};
/* End PBXContainerItemProxy section */

/* Begin PBXFileReference section */
		1A361EEA27F0A5F8000624BF /* CircleImage.swift */ = {isa = PBXFileReference; lastKnownFileType = sourcecode.swift; path = CircleImage.swift; sourceTree = "<group>"; };
		1A361EEC27F0A991000624BF /* Landmark.swift */ = {isa = PBXFileReference; lastKnownFileType = sourcecode.swift; path = Landmark.swift; sourceTree = "<group>"; };
		1A361EEE27F0AA14000624BF /* ModelData.swift */ = {isa = PBXFileReference; lastKnownFileType = sourcecode.swift; path = ModelData.swift; sourceTree = "<group>"; };
		1A361EF327F0AB7A000624BF /* landmarkData.json */ = {isa = PBXFileReference; fileEncoding = 4; lastKnownFileType = text.json; name = landmarkData.json; path = "../../../../../../Downloads/BuildingListsAndNavigation (1)/Resources/landmarkData.json"; sourceTree = "<group>"; };
		1A361EF527F0ABF5000624BF /* LandmarkRow.swift */ = {isa = PBXFileReference; lastKnownFileType = sourcecode.swift; path = LandmarkRow.swift; sourceTree = "<group>"; };
		1A361EF727F0AD39000624BF /* LandmarkList.swift */ = {isa = PBXFileReference; lastKnownFileType = sourcecode.swift; path = LandmarkList.swift; sourceTree = "<group>"; };
		1ABD712027D360E700B88D55 /* ios-practice.app */ = {isa = PBXFileReference; explicitFileType = wrapper.application; includeInIndex = 0; path = "ios-practice.app"; sourceTree = BUILT_PRODUCTS_DIR; };
		1ABD712327D360E700B88D55 /* ios_practiceApp.swift */ = {isa = PBXFileReference; lastKnownFileType = sourcecode.swift; path = ios_practiceApp.swift; sourceTree = "<group>"; };
		1ABD712527D360E700B88D55 /* ContentView.swift */ = {isa = PBXFileReference; lastKnownFileType = sourcecode.swift; path = ContentView.swift; sourceTree = "<group>"; };
		1ABD712727D360E700B88D55 /* Assets.xcassets */ = {isa = PBXFileReference; lastKnownFileType = folder.assetcatalog; path = Assets.xcassets; sourceTree = "<group>"; };
		1ABD712A27D360E700B88D55 /* Preview Assets.xcassets */ = {isa = PBXFileReference; lastKnownFileType = folder.assetcatalog; path = "Preview Assets.xcassets"; sourceTree = "<group>"; };
		1ABD712C27D360E700B88D55 /* Persistence.swift */ = {isa = PBXFileReference; lastKnownFileType = sourcecode.swift; path = Persistence.swift; sourceTree = "<group>"; };
		1ABD712F27D360E700B88D55 /* ios_practice.xcdatamodel */ = {isa = PBXFileReference; lastKnownFileType = wrapper.xcdatamodel; path = ios_practice.xcdatamodel; sourceTree = "<group>"; };
		1ABD713527D360E700B88D55 /* ios-practiceTests.xctest */ = {isa = PBXFileReference; explicitFileType = wrapper.cfbundle; includeInIndex = 0; path = "ios-practiceTests.xctest"; sourceTree = BUILT_PRODUCTS_DIR; };
		1ABD713927D360E700B88D55 /* ios_practiceTests.swift */ = {isa = PBXFileReference; lastKnownFileType = sourcecode.swift; path = ios_practiceTests.swift; sourceTree = "<group>"; };
		1ABD713F27D360E700B88D55 /* ios-practiceUITests.xctest */ = {isa = PBXFileReference; explicitFileType = wrapper.cfbundle; includeInIndex = 0; path = "ios-practiceUITests.xctest"; sourceTree = BUILT_PRODUCTS_DIR; };
		1ABD714327D360E700B88D55 /* ios_practiceUITests.swift */ = {isa = PBXFileReference; lastKnownFileType = sourcecode.swift; path = ios_practiceUITests.swift; sourceTree = "<group>"; };
		1ABD714527D360E700B88D55 /* ios_practiceUITestsLaunchTests.swift */ = {isa = PBXFileReference; lastKnownFileType = sourcecode.swift; path = ios_practiceUITestsLaunchTests.swift; sourceTree = "<group>"; };
		1ABD715227D36CF500B88D55 /* MapView.swift */ = {isa = PBXFileReference; lastKnownFileType = sourcecode.swift; path = MapView.swift; sourceTree = "<group>"; };
/* End PBXFileReference section */

/* Begin PBXFrameworksBuildPhase section */
		1ABD711D27D360E700B88D55 /* Frameworks */ = {
			isa = PBXFrameworksBuildPhase;
			buildActionMask = 2147483647;
			files = (
			);
			runOnlyForDeploymentPostprocessing = 0;
		};
		1ABD713227D360E700B88D55 /* Frameworks */ = {
			isa = PBXFrameworksBuildPhase;
			buildActionMask = 2147483647;
			files = (
			);
			runOnlyForDeploymentPostprocessing = 0;
		};
		1ABD713C27D360E700B88D55 /* Frameworks */ = {
			isa = PBXFrameworksBuildPhase;
			buildActionMask = 2147483647;
			files = (
			);
			runOnlyForDeploymentPostprocessing = 0;
		};
/* End PBXFrameworksBuildPhase section */

/* Begin PBXGroup section */
		1A361EF027F0AAB2000624BF /* Views */ = {
			isa = PBXGroup;
			children = (
				1ABD712527D360E700B88D55 /* ContentView.swift */,
				1A361EEA27F0A5F8000624BF /* CircleImage.swift */,
				1ABD715227D36CF500B88D55 /* MapView.swift */,
				1A361EF527F0ABF5000624BF /* LandmarkRow.swift */,
				1A361EF727F0AD39000624BF /* LandmarkList.swift */,
			);
			path = Views;
			sourceTree = "<group>";
		};
		1A361EF127F0AB38000624BF /* Models */ = {
			isa = PBXGroup;
			children = (
				1A361EEC27F0A991000624BF /* Landmark.swift */,
				1A361EEE27F0AA14000624BF /* ModelData.swift */,
			);
			path = Models;
			sourceTree = "<group>";
		};
		1A361EF227F0AB5A000624BF /* Resources */ = {
			isa = PBXGroup;
			children = (
				1A361EF327F0AB7A000624BF /* landmarkData.json */,
			);
			path = Resources;
			sourceTree = "<group>";
		};
		1ABD711727D360E700B88D55 = {
			isa = PBXGroup;
			children = (
				1ABD712227D360E700B88D55 /* ios-practice */,
				1ABD713827D360E700B88D55 /* ios-practiceTests */,
				1ABD714227D360E700B88D55 /* ios-practiceUITests */,
				1ABD712127D360E700B88D55 /* Products */,
			);
			sourceTree = "<group>";
		};
		1ABD712127D360E700B88D55 /* Products */ = {
			isa = PBXGroup;
			children = (
				1ABD712027D360E700B88D55 /* ios-practice.app */,
				1ABD713527D360E700B88D55 /* ios-practiceTests.xctest */,
				1ABD713F27D360E700B88D55 /* ios-practiceUITests.xctest */,
			);
			name = Products;
			sourceTree = "<group>";
		};
		1ABD712227D360E700B88D55 /* ios-practice */ = {
			isa = PBXGroup;
			children = (
				1ABD712327D360E700B88D55 /* ios_practiceApp.swift */,
				1ABD712727D360E700B88D55 /* Assets.xcassets */,
				1A361EF027F0AAB2000624BF /* Views */,
				1A361EF127F0AB38000624BF /* Models */,
				1ABD712C27D360E700B88D55 /* Persistence.swift */,
				1A361EF227F0AB5A000624BF /* Resources */,
				1ABD712E27D360E700B88D55 /* ios_practice.xcdatamodeld */,
				1ABD712927D360E700B88D55 /* Preview Content */,
			);
			path = "ios-practice";
			sourceTree = "<group>";
		};
		1ABD712927D360E700B88D55 /* Preview Content */ = {
			isa = PBXGroup;
			children = (
				1ABD712A27D360E700B88D55 /* Preview Assets.xcassets */,
			);
			path = "Preview Content";
			sourceTree = "<group>";
		};
		1ABD713827D360E700B88D55 /* ios-practiceTests */ = {
			isa = PBXGroup;
			children = (
				1ABD713927D360E700B88D55 /* ios_practiceTests.swift */,
			);
			path = "ios-practiceTests";
			sourceTree = "<group>";
		};
		1ABD714227D360E700B88D55 /* ios-practiceUITests */ = {
			isa = PBXGroup;
			children = (
				1ABD714327D360E700B88D55 /* ios_practiceUITests.swift */,
				1ABD714527D360E700B88D55 /* ios_practiceUITestsLaunchTests.swift */,
			);
			path = "ios-practiceUITests";
			sourceTree = "<group>";
		};
/* End PBXGroup section */

/* Begin PBXNativeTarget section */
		1ABD711F27D360E700B88D55 /* ios-practice */ = {
			isa = PBXNativeTarget;
			buildConfigurationList = 1ABD714927D360E700B88D55 /* Build configuration list for PBXNativeTarget "ios-practice" */;
			buildPhases = (
				1ABD711C27D360E700B88D55 /* Sources */,
				1ABD711D27D360E700B88D55 /* Frameworks */,
				1ABD711E27D360E700B88D55 /* Resources */,
			);
			buildRules = (
			);
			dependencies = (
			);
			name = "ios-practice";
			productName = "ios-practice";
			productReference = 1ABD712027D360E700B88D55 /* ios-practice.app */;
			productType = "com.apple.product-type.application";
		};
		1ABD713427D360E700B88D55 /* ios-practiceTests */ = {
			isa = PBXNativeTarget;
			buildConfigurationList = 1ABD714C27D360E700B88D55 /* Build configuration list for PBXNativeTarget "ios-practiceTests" */;
			buildPhases = (
				1ABD713127D360E700B88D55 /* Sources */,
				1ABD713227D360E700B88D55 /* Frameworks */,
				1ABD713327D360E700B88D55 /* Resources */,
			);
			buildRules = (
			);
			dependencies = (
				1ABD713727D360E700B88D55 /* PBXTargetDependency */,
			);
			name = "ios-practiceTests";
			productName = "ios-practiceTests";
			productReference = 1ABD713527D360E700B88D55 /* ios-practiceTests.xctest */;
			productType = "com.apple.product-type.bundle.unit-test";
		};
		1ABD713E27D360E700B88D55 /* ios-practiceUITests */ = {
			isa = PBXNativeTarget;
			buildConfigurationList = 1ABD714F27D360E700B88D55 /* Build configuration list for PBXNativeTarget "ios-practiceUITests" */;
			buildPhases = (
				1ABD713B27D360E700B88D55 /* Sources */,
				1ABD713C27D360E700B88D55 /* Frameworks */,
				1ABD713D27D360E700B88D55 /* Resources */,
			);
			buildRules = (
			);
			dependencies = (
				1ABD714127D360E700B88D55 /* PBXTargetDependency */,
			);
			name = "ios-practiceUITests";
			productName = "ios-practiceUITests";
			productReference = 1ABD713F27D360E700B88D55 /* ios-practiceUITests.xctest */;
			productType = "com.apple.product-type.bundle.ui-testing";
		};
/* End PBXNativeTarget section */

/* Begin PBXProject section */
		1ABD711827D360E700B88D55 /* Project object */ = {
			isa = PBXProject;
			attributes = {
				BuildIndependentTargetsInParallel = 1;
				LastSwiftUpdateCheck = 1320;
				LastUpgradeCheck = 1320;
				TargetAttributes = {
					1ABD711F27D360E700B88D55 = {
						CreatedOnToolsVersion = 13.2.1;
					};
					1ABD713427D360E700B88D55 = {
						CreatedOnToolsVersion = 13.2.1;
						TestTargetID = 1ABD711F27D360E700B88D55;
					};
					1ABD713E27D360E700B88D55 = {
						CreatedOnToolsVersion = 13.2.1;
						TestTargetID = 1ABD711F27D360E700B88D55;
					};
				};
			};
			buildConfigurationList = 1ABD711B27D360E700B88D55 /* Build configuration list for PBXProject "ios-practice" */;
			compatibilityVersion = "Xcode 13.0";
			developmentRegion = en;
			hasScannedForEncodings = 0;
			knownRegions = (
				en,
				Base,
			);
			mainGroup = 1ABD711727D360E700B88D55;
			productRefGroup = 1ABD712127D360E700B88D55 /* Products */;
			projectDirPath = "";
			projectRoot = "";
			targets = (
				1ABD711F27D360E700B88D55 /* ios-practice */,
				1ABD713427D360E700B88D55 /* ios-practiceTests */,
				1ABD713E27D360E700B88D55 /* ios-practiceUITests */,
			);
		};
/* End PBXProject section */

/* Begin PBXResourcesBuildPhase section */
		1ABD711E27D360E700B88D55 /* Resources */ = {
			isa = PBXResourcesBuildPhase;
			buildActionMask = 2147483647;
			files = (
				1ABD712B27D360E700B88D55 /* Preview Assets.xcassets in Resources */,
				1ABD712827D360E700B88D55 /* Assets.xcassets in Resources */,
				1A361EF427F0AB7A000624BF /* landmarkData.json in Resources */,
			);
			runOnlyForDeploymentPostprocessing = 0;
		};
		1ABD713327D360E700B88D55 /* Resources */ = {
			isa = PBXResourcesBuildPhase;
			buildActionMask = 2147483647;
			files = (
			);
			runOnlyForDeploymentPostprocessing = 0;
		};
		1ABD713D27D360E700B88D55 /* Resources */ = {
			isa = PBXResourcesBuildPhase;
			buildActionMask = 2147483647;
			files = (
			);
			runOnlyForDeploymentPostprocessing = 0;
		};
/* End PBXResourcesBuildPhase section */

/* Begin PBXSourcesBuildPhase section */
		1ABD711C27D360E700B88D55 /* Sources */ = {
			isa = PBXSourcesBuildPhase;
			buildActionMask = 2147483647;
			files = (
				1A361EED27F0A991000624BF /* Landmark.swift in Sources */,
				1A361EEF27F0AA14000624BF /* ModelData.swift in Sources */,
				1ABD715327D36CF500B88D55 /* MapView.swift in Sources */,
				1ABD712D27D360E700B88D55 /* Persistence.swift in Sources */,
				1ABD712627D360E700B88D55 /* ContentView.swift in Sources */,
				1ABD713027D360E700B88D55 /* ios_practice.xcdatamodeld in Sources */,
				1A361EF627F0ABF5000624BF /* LandmarkRow.swift in Sources */,
				1ABD712427D360E700B88D55 /* ios_practiceApp.swift in Sources */,
				1A361EEB27F0A5F8000624BF /* CircleImage.swift in Sources */,
				1A361EF827F0AD39000624BF /* LandmarkList.swift in Sources */,
			);
			runOnlyForDeploymentPostprocessing = 0;
		};
		1ABD713127D360E700B88D55 /* Sources */ = {
			isa = PBXSourcesBuildPhase;
			buildActionMask = 2147483647;
			files = (
				1ABD713A27D360E700B88D55 /* ios_practiceTests.swift in Sources */,
			);
			runOnlyForDeploymentPostprocessing = 0;
		};
		1ABD713B27D360E700B88D55 /* Sources */ = {
			isa = PBXSourcesBuildPhase;
			buildActionMask = 2147483647;
			files = (
				1ABD714427D360E700B88D55 /* ios_practiceUITests.swift in Sources */,
				1ABD714627D360E700B88D55 /* ios_practiceUITestsLaunchTests.swift in Sources */,
			);
			runOnlyForDeploymentPostprocessing = 0;
		};
/* End PBXSourcesBuildPhase section */

/* Begin PBXTargetDependency section */
		1ABD713727D360E700B88D55 /* PBXTargetDependency */ = {
			isa = PBXTargetDependency;
			target = 1ABD711F27D360E700B88D55 /* ios-practice */;
			targetProxy = 1ABD713627D360E700B88D55 /* PBXContainerItemProxy */;
		};
		1ABD714127D360E700B88D55 /* PBXTargetDependency */ = {
			isa = PBXTargetDependency;
			target = 1ABD711F27D360E700B88D55 /* ios-practice */;
			targetProxy = 1ABD714027D360E700B88D55 /* PBXContainerItemProxy */;
		};
/* End PBXTargetDependency section */

/* Begin XCBuildConfiguration section */
		1ABD714727D360E700B88D55 /* Debug */ = {
			isa = XCBuildConfiguration;
			buildSettings = {
				ALWAYS_SEARCH_USER_PATHS = NO;
				CLANG_ANALYZER_NONNULL = YES;
				CLANG_ANALYZER_NUMBER_OBJECT_CONVERSION = YES_AGGRESSIVE;
				CLANG_CXX_LANGUAGE_STANDARD = "gnu++17";
				CLANG_CXX_LIBRARY = "libc++";
				CLANG_ENABLE_MODULES = YES;
				CLANG_ENABLE_OBJC_ARC = YES;
				CLANG_ENABLE_OBJC_WEAK = YES;
				CLANG_WARN_BLOCK_CAPTURE_AUTORELEASING = YES;
				CLANG_WARN_BOOL_CONVERSION = YES;
				CLANG_WARN_COMMA = YES;
				CLANG_WARN_CONSTANT_CONVERSION = YES;
				CLANG_WARN_DEPRECATED_OBJC_IMPLEMENTATIONS = YES;
				CLANG_WARN_DIRECT_OBJC_ISA_USAGE = YES_ERROR;
				CLANG_WARN_DOCUMENTATION_COMMENTS = YES;
				CLANG_WARN_EMPTY_BODY = YES;
				CLANG_WARN_ENUM_CONVERSION = YES;
				CLANG_WARN_INFINITE_RECURSION = YES;
				CLANG_WARN_INT_CONVERSION = YES;
				CLANG_WARN_NON_LITERAL_NULL_CONVERSION = YES;
				CLANG_WARN_OBJC_IMPLICIT_RETAIN_SELF = YES;
				CLANG_WARN_OBJC_LITERAL_CONVERSION = YES;
				CLANG_WARN_OBJC_ROOT_CLASS = YES_ERROR;
				CLANG_WARN_QUOTED_INCLUDE_IN_FRAMEWORK_HEADER = YES;
				CLANG_WARN_RANGE_LOOP_ANALYSIS = YES;
				CLANG_WARN_STRICT_PROTOTYPES = YES;
				CLANG_WARN_SUSPICIOUS_MOVE = YES;
				CLANG_WARN_UNGUARDED_AVAILABILITY = YES_AGGRESSIVE;
				CLANG_WARN_UNREACHABLE_CODE = YES;
				CLANG_WARN__DUPLICATE_METHOD_MATCH = YES;
				COPY_PHASE_STRIP = NO;
				DEBUG_INFORMATION_FORMAT = dwarf;
				ENABLE_STRICT_OBJC_MSGSEND = YES;
				ENABLE_TESTABILITY = YES;
				GCC_C_LANGUAGE_STANDARD = gnu11;
				GCC_DYNAMIC_NO_PIC = NO;
				GCC_NO_COMMON_BLOCKS = YES;
				GCC_OPTIMIZATION_LEVEL = 0;
				GCC_PREPROCESSOR_DEFINITIONS = (
					"DEBUG=1",
					"$(inherited)",
				);
				GCC_WARN_64_TO_32_BIT_CONVERSION = YES;
				GCC_WARN_ABOUT_RETURN_TYPE = YES_ERROR;
				GCC_WARN_UNDECLARED_SELECTOR = YES;
				GCC_WARN_UNINITIALIZED_AUTOS = YES_AGGRESSIVE;
				GCC_WARN_UNUSED_FUNCTION = YES;
				GCC_WARN_UNUSED_VARIABLE = YES;
				IPHONEOS_DEPLOYMENT_TARGET = 15.2;
				MTL_ENABLE_DEBUG_INFO = INCLUDE_SOURCE;
				MTL_FAST_MATH = YES;
				ONLY_ACTIVE_ARCH = YES;
				SDKROOT = iphoneos;
				SWIFT_ACTIVE_COMPILATION_CONDITIONS = DEBUG;
				SWIFT_OPTIMIZATION_LEVEL = "-Onone";
			};
			name = Debug;
		};
		1ABD714827D360E700B88D55 /* Release */ = {
			isa = XCBuildConfiguration;
			buildSettings = {
				ALWAYS_SEARCH_USER_PATHS = NO;
				CLANG_ANALYZER_NONNULL = YES;
				CLANG_ANALYZER_NUMBER_OBJECT_CONVERSION = YES_AGGRESSIVE;
				CLANG_CXX_LANGUAGE_STANDARD = "gnu++17";
				CLANG_CXX_LIBRARY = "libc++";
				CLANG_ENABLE_MODULES = YES;
				CLANG_ENABLE_OBJC_ARC = YES;
				CLANG_ENABLE_OBJC_WEAK = YES;
				CLANG_WARN_BLOCK_CAPTURE_AUTORELEASING = YES;
				CLANG_WARN_BOOL_CONVERSION = YES;
				CLANG_WARN_COMMA = YES;
				CLANG_WARN_CONSTANT_CONVERSION = YES;
				CLANG_WARN_DEPRECATED_OBJC_IMPLEMENTATIONS = YES;
				CLANG_WARN_DIRECT_OBJC_ISA_USAGE = YES_ERROR;
				CLANG_WARN_DOCUMENTATION_COMMENTS = YES;
				CLANG_WARN_EMPTY_BODY = YES;
				CLANG_WARN_ENUM_CONVERSION = YES;
				CLANG_WARN_INFINITE_RECURSION = YES;
				CLANG_WARN_INT_CONVERSION = YES;
				CLANG_WARN_NON_LITERAL_NULL_CONVERSION = YES;
				CLANG_WARN_OBJC_IMPLICIT_RETAIN_SELF = YES;
				CLANG_WARN_OBJC_LITERAL_CONVERSION = YES;
				CLANG_WARN_OBJC_ROOT_CLASS = YES_ERROR;
				CLANG_WARN_QUOTED_INCLUDE_IN_FRAMEWORK_HEADER = YES;
				CLANG_WARN_RANGE_LOOP_ANALYSIS = YES;
				CLANG_WARN_STRICT_PROTOTYPES = YES;
				CLANG_WARN_SUSPICIOUS_MOVE = YES;
				CLANG_WARN_UNGUARDED_AVAILABILITY = YES_AGGRESSIVE;
				CLANG_WARN_UNREACHABLE_CODE = YES;
				CLANG_WARN__DUPLICATE_METHOD_MATCH = YES;
				COPY_PHASE_STRIP = NO;
				DEBUG_INFORMATION_FORMAT = "dwarf-with-dsym";
				ENABLE_NS_ASSERTIONS = NO;
				ENABLE_STRICT_OBJC_MSGSEND = YES;
				GCC_C_LANGUAGE_STANDARD = gnu11;
				GCC_NO_COMMON_BLOCKS = YES;
				GCC_WARN_64_TO_32_BIT_CONVERSION = YES;
				GCC_WARN_ABOUT_RETURN_TYPE = YES_ERROR;
				GCC_WARN_UNDECLARED_SELECTOR = YES;
				GCC_WARN_UNINITIALIZED_AUTOS = YES_AGGRESSIVE;
				GCC_WARN_UNUSED_FUNCTION = YES;
				GCC_WARN_UNUSED_VARIABLE = YES;
				IPHONEOS_DEPLOYMENT_TARGET = 15.2;
				MTL_ENABLE_DEBUG_INFO = NO;
				MTL_FAST_MATH = YES;
				SDKROOT = iphoneos;
				SWIFT_COMPILATION_MODE = wholemodule;
				SWIFT_OPTIMIZATION_LEVEL = "-O";
				VALIDATE_PRODUCT = YES;
			};
			name = Release;
		};
		1ABD714A27D360E700B88D55 /* Debug */ = {
			isa = XCBuildConfiguration;
			buildSettings = {
				ASSETCATALOG_COMPILER_APPICON_NAME = AppIcon;
				ASSETCATALOG_COMPILER_GLOBAL_ACCENT_COLOR_NAME = AccentColor;
				CODE_SIGN_STYLE = Automatic;
				CURRENT_PROJECT_VERSION = 1;
				DEVELOPMENT_ASSET_PATHS = "\"ios-practice/Preview Content\"";
				DEVELOPMENT_TEAM = 9CBTU9A5M5;
				ENABLE_PREVIEWS = YES;
				GENERATE_INFOPLIST_FILE = YES;
				INFOPLIST_KEY_UIApplicationSceneManifest_Generation = YES;
				INFOPLIST_KEY_UIApplicationSupportsIndirectInputEvents = YES;
				INFOPLIST_KEY_UILaunchScreen_Generation = YES;
				INFOPLIST_KEY_UISupportedInterfaceOrientations_iPad = "UIInterfaceOrientationPortrait UIInterfaceOrientationPortraitUpsideDown UIInterfaceOrientationLandscapeLeft UIInterfaceOrientationLandscapeRight";
				INFOPLIST_KEY_UISupportedInterfaceOrientations_iPhone = "UIInterfaceOrientationPortrait UIInterfaceOrientationLandscapeLeft UIInterfaceOrientationLandscapeRight";
				LD_RUNPATH_SEARCH_PATHS = (
					"$(inherited)",
					"@executable_path/Frameworks",
				);
				MARKETING_VERSION = 1.0;
				PRODUCT_BUNDLE_IDENTIFIER = "com.dkanai.ios-practice";
				PRODUCT_NAME = "$(TARGET_NAME)";
				SWIFT_EMIT_LOC_STRINGS = YES;
				SWIFT_VERSION = 5.0;
				TARGETED_DEVICE_FAMILY = "1,2";
			};
			name = Debug;
		};
		1ABD714B27D360E700B88D55 /* Release */ = {
			isa = XCBuildConfiguration;
			buildSettings = {
				ASSETCATALOG_COMPILER_APPICON_NAME = AppIcon;
				ASSETCATALOG_COMPILER_GLOBAL_ACCENT_COLOR_NAME = AccentColor;
				CODE_SIGN_STYLE = Automatic;
				CURRENT_PROJECT_VERSION = 1;
				DEVELOPMENT_ASSET_PATHS = "\"ios-practice/Preview Content\"";
				DEVELOPMENT_TEAM = 9CBTU9A5M5;
				ENABLE_PREVIEWS = YES;
				GENERATE_INFOPLIST_FILE = YES;
				INFOPLIST_KEY_UIApplicationSceneManifest_Generation = YES;
				INFOPLIST_KEY_UIApplicationSupportsIndirectInputEvents = YES;
				INFOPLIST_KEY_UILaunchScreen_Generation = YES;
				INFOPLIST_KEY_UISupportedInterfaceOrientations_iPad = "UIInterfaceOrientationPortrait UIInterfaceOrientationPortraitUpsideDown UIInterfaceOrientationLandscapeLeft UIInterfaceOrientationLandscapeRight";
				INFOPLIST_KEY_UISupportedInterfaceOrientations_iPhone = "UIInterfaceOrientationPortrait UIInterfaceOrientationLandscapeLeft UIInterfaceOrientationLandscapeRight";
				LD_RUNPATH_SEARCH_PATHS = (
					"$(inherited)",
					"@executable_path/Frameworks",
				);
				MARKETING_VERSION = 1.0;
				PRODUCT_BUNDLE_IDENTIFIER = "com.dkanai.ios-practice";
				PRODUCT_NAME = "$(TARGET_NAME)";
				SWIFT_EMIT_LOC_STRINGS = YES;
				SWIFT_VERSION = 5.0;
				TARGETED_DEVICE_FAMILY = "1,2";
			};
			name = Release;
		};
		1ABD714D27D360E700B88D55 /* Debug */ = {
			isa = XCBuildConfiguration;
			buildSettings = {
				ALWAYS_EMBED_SWIFT_STANDARD_LIBRARIES = YES;
				BUNDLE_LOADER = "$(TEST_HOST)";
				CODE_SIGN_STYLE = Automatic;
				CURRENT_PROJECT_VERSION = 1;
				GENERATE_INFOPLIST_FILE = YES;
				IPHONEOS_DEPLOYMENT_TARGET = 15.2;
				MARKETING_VERSION = 1.0;
				PRODUCT_BUNDLE_IDENTIFIER = "com.dkanai.ios-practiceTests";
				PRODUCT_NAME = "$(TARGET_NAME)";
				SWIFT_EMIT_LOC_STRINGS = NO;
				SWIFT_VERSION = 5.0;
				TARGETED_DEVICE_FAMILY = "1,2";
				TEST_HOST = "$(BUILT_PRODUCTS_DIR)/ios-practice.app/ios-practice";
			};
			name = Debug;
		};
		1ABD714E27D360E700B88D55 /* Release */ = {
			isa = XCBuildConfiguration;
			buildSettings = {
				ALWAYS_EMBED_SWIFT_STANDARD_LIBRARIES = YES;
				BUNDLE_LOADER = "$(TEST_HOST)";
				CODE_SIGN_STYLE = Automatic;
				CURRENT_PROJECT_VERSION = 1;
				GENERATE_INFOPLIST_FILE = YES;
				IPHONEOS_DEPLOYMENT_TARGET = 15.2;
				MARKETING_VERSION = 1.0;
				PRODUCT_BUNDLE_IDENTIFIER = "com.dkanai.ios-practiceTests";
				PRODUCT_NAME = "$(TARGET_NAME)";
				SWIFT_EMIT_LOC_STRINGS = NO;
				SWIFT_VERSION = 5.0;
				TARGETED_DEVICE_FAMILY = "1,2";
				TEST_HOST = "$(BUILT_PRODUCTS_DIR)/ios-practice.app/ios-practice";
			};
			name = Release;
		};
		1ABD715027D360E700B88D55 /* Debug */ = {
			isa = XCBuildConfiguration;
			buildSettings = {
				ALWAYS_EMBED_SWIFT_STANDARD_LIBRARIES = YES;
				CODE_SIGN_STYLE = Automatic;
				CURRENT_PROJECT_VERSION = 1;
				GENERATE_INFOPLIST_FILE = YES;
				MARKETING_VERSION = 1.0;
				PRODUCT_BUNDLE_IDENTIFIER = "com.dkanai.ios-practiceUITests";
				PRODUCT_NAME = "$(TARGET_NAME)";
				SWIFT_EMIT_LOC_STRINGS = NO;
				SWIFT_VERSION = 5.0;
				TARGETED_DEVICE_FAMILY = "1,2";
				TEST_TARGET_NAME = "ios-practice";
			};
			name = Debug;
		};
		1ABD715127D360E700B88D55 /* Release */ = {
			isa = XCBuildConfiguration;
			buildSettings = {
				ALWAYS_EMBED_SWIFT_STANDARD_LIBRARIES = YES;
				CODE_SIGN_STYLE = Automatic;
				CURRENT_PROJECT_VERSION = 1;
				GENERATE_INFOPLIST_FILE = YES;
				MARKETING_VERSION = 1.0;
				PRODUCT_BUNDLE_IDENTIFIER = "com.dkanai.ios-practiceUITests";
				PRODUCT_NAME = "$(TARGET_NAME)";
				SWIFT_EMIT_LOC_STRINGS = NO;
				SWIFT_VERSION = 5.0;
				TARGETED_DEVICE_FAMILY = "1,2";
				TEST_TARGET_NAME = "ios-practice";
			};
			name = Release;
		};
/* End XCBuildConfiguration section */

/* Begin XCConfigurationList section */
		1ABD711B27D360E700B88D55 /* Build configuration list for PBXProject "ios-practice" */ = {
			isa = XCConfigurationList;
			buildConfigurations = (
				1ABD714727D360E700B88D55 /* Debug */,
				1ABD714827D360E700B88D55 /* Release */,
			);
			defaultConfigurationIsVisible = 0;
			defaultConfigurationName = Release;
		};
		1ABD714927D360E700B88D55 /* Build configuration list for PBXNativeTarget "ios-practice" */ = {
			isa = XCConfigurationList;
			buildConfigurations = (
				1ABD714A27D360E700B88D55 /* Debug */,
				1ABD714B27D360E700B88D55 /* Release */,
			);
			defaultConfigurationIsVisible = 0;
			defaultConfigurationName = Release;
		};
		1ABD714C27D360E700B88D55 /* Build configuration list for PBXNativeTarget "ios-practiceTests" */ = {
			isa = XCConfigurationList;
			buildConfigurations = (
				1ABD714D27D360E700B88D55 /* Debug */,
				1ABD714E27D360E700B88D55 /* Release */,
			);
			defaultConfigurationIsVisible = 0;
			defaultConfigurationName = Release;
		};
		1ABD714F27D360E700B88D55 /* Build configuration list for PBXNativeTarget "ios-practiceUITests" */ = {
			isa = XCConfigurationList;
			buildConfigurations = (
				1ABD715027D360E700B88D55 /* Debug */,
				1ABD715127D360E700B88D55 /* Release */,
			);
			defaultConfigurationIsVisible = 0;
			defaultConfigurationName = Release;
		};
/* End XCConfigurationList section */

/* Begin XCVersionGroup section */
		1ABD712E27D360E700B88D55 /* ios_practice.xcdatamodeld */ = {
			isa = XCVersionGroup;
			children = (
				1ABD712F27D360E700B88D55 /* ios_practice.xcdatamodel */,
			);
			currentVersion = 1ABD712F27D360E700B88D55 /* ios_practice.xcdatamodel */;
			path = ios_practice.xcdatamodeld;
			sourceTree = "<group>";
			versionGroupType = wrapper.xcdatamodel;
		};
/* End XCVersionGroup section */
	};
	rootObject = 1ABD711827D360E700B88D55 /* Project object */;
}
